// !$*UTF8*$!
{
	archiveVersion = 1;
	classes = {
	};
	objectVersion = 50;
	objects = {

/* Begin PBXBuildFile section */
		D8EC81A523A7E1FF004D6A20 /* AppDelegate.swift in Sources */ = {isa = PBXBuildFile; fileRef = D8EC81A423A7E1FF004D6A20 /* AppDelegate.swift */; };
		D8EC81A723A7E1FF004D6A20 /* ViewController.swift in Sources */ = {isa = PBXBuildFile; fileRef = D8EC81A623A7E1FF004D6A20 /* ViewController.swift */; };
		D8EC81AA23A7E1FF004D6A20 /* Main.storyboard in Resources */ = {isa = PBXBuildFile; fileRef = D8EC81A823A7E1FF004D6A20 /* Main.storyboard */; };
		D8EC81AC23A7E206004D6A20 /* Assets.xcassets in Resources */ = {isa = PBXBuildFile; fileRef = D8EC81AB23A7E206004D6A20 /* Assets.xcassets */; };
		D8EC81AF23A7E206004D6A20 /* LaunchScreen.storyboard in Resources */ = {isa = PBXBuildFile; fileRef = D8EC81AD23A7E206004D6A20 /* LaunchScreen.storyboard */; };
		D8EC81B823A81B26004D6A20 /* Concentration.swift in Sources */ = {isa = PBXBuildFile; fileRef = D8EC81B723A81B26004D6A20 /* Concentration.swift */; };
		D8EC81BA23A81BA2004D6A20 /* Card.swift in Sources */ = {isa = PBXBuildFile; fileRef = D8EC81B923A81BA2004D6A20 /* Card.swift */; };
		D8EC81BC23A872A4004D6A20 /* Theme.swift in Sources */ = {isa = PBXBuildFile; fileRef = D8EC81BB23A872A4004D6A20 /* Theme.swift */; };
/* End PBXBuildFile section */

/* Begin PBXFileReference section */
		D8EC81A123A7E1FF004D6A20 /* Concentration.app */ = {isa = PBXFileReference; explicitFileType = wrapper.application; includeInIndex = 0; path = Concentration.app; sourceTree = BUILT_PRODUCTS_DIR; };
		D8EC81A423A7E1FF004D6A20 /* AppDelegate.swift */ = {isa = PBXFileReference; lastKnownFileType = sourcecode.swift; path = AppDelegate.swift; sourceTree = "<group>"; };
		D8EC81A623A7E1FF004D6A20 /* ViewController.swift */ = {isa = PBXFileReference; lastKnownFileType = sourcecode.swift; path = ViewController.swift; sourceTree = "<group>"; };
		D8EC81A923A7E1FF004D6A20 /* Base */ = {isa = PBXFileReference; lastKnownFileType = file.storyboard; name = Base; path = Base.lproj/Main.storyboard; sourceTree = "<group>"; };
		D8EC81AB23A7E206004D6A20 /* Assets.xcassets */ = {isa = PBXFileReference; lastKnownFileType = folder.assetcatalog; path = Assets.xcassets; sourceTree = "<group>"; };
		D8EC81AE23A7E206004D6A20 /* Base */ = {isa = PBXFileReference; lastKnownFileType = file.storyboard; name = Base; path = Base.lproj/LaunchScreen.storyboard; sourceTree = "<group>"; };
		D8EC81B023A7E206004D6A20 /* Info.plist */ = {isa = PBXFileReference; lastKnownFileType = text.plist.xml; path = Info.plist; sourceTree = "<group>"; };
		D8EC81B723A81B26004D6A20 /* Concentration.swift */ = {isa = PBXFileReference; lastKnownFileType = sourcecode.swift; path = Concentration.swift; sourceTree = "<group>"; };
		D8EC81B923A81BA2004D6A20 /* Card.swift */ = {isa = PBXFileReference; lastKnownFileType = sourcecode.swift; path = Card.swift; sourceTree = "<group>"; };
		D8EC81BB23A872A4004D6A20 /* Theme.swift */ = {isa = PBXFileReference; lastKnownFileType = sourcecode.swift; path = Theme.swift; sourceTree = "<group>"; };
/* End PBXFileReference section */

/* Begin PBXFrameworksBuildPhase section */
		D8EC819E23A7E1FF004D6A20 /* Frameworks */ = {
			isa = PBXFrameworksBuildPhase;
			buildActionMask = 2147483647;
			files = (
			);
			runOnlyForDeploymentPostprocessing = 0;
		};
/* End PBXFrameworksBuildPhase section */

/* Begin PBXGroup section */
		D8EC819823A7E1FF004D6A20 = {
			isa = PBXGroup;
			children = (
				D8EC81A323A7E1FF004D6A20 /* Concentration */,
				D8EC81A223A7E1FF004D6A20 /* Products */,
			);
			sourceTree = "<group>";
		};
		D8EC81A223A7E1FF004D6A20 /* Products */ = {
			isa = PBXGroup;
			children = (
				D8EC81A123A7E1FF004D6A20 /* Concentration.app */,
			);
			name = Products;
			sourceTree = "<group>";
		};
		D8EC81A323A7E1FF004D6A20 /* Concentration */ = {
			isa = PBXGroup;
			children = (
				D8EC81B623A7E480004D6A20 /* Supporting Files */,
				D8EC81A623A7E1FF004D6A20 /* ViewController.swift */,
				D8EC81A823A7E1FF004D6A20 /* Main.storyboard */,
				D8EC81B023A7E206004D6A20 /* Info.plist */,
				D8EC81B723A81B26004D6A20 /* Concentration.swift */,
				D8EC81B923A81BA2004D6A20 /* Card.swift */,
				D8EC81BB23A872A4004D6A20 /* Theme.swift */,
			);
			path = Concentration;
			sourceTree = "<group>";
		};
		D8EC81B623A7E480004D6A20 /* Supporting Files */ = {
			isa = PBXGroup;
			children = (
				D8EC81A423A7E1FF004D6A20 /* AppDelegate.swift */,
				D8EC81AB23A7E206004D6A20 /* Assets.xcassets */,
				D8EC81AD23A7E206004D6A20 /* LaunchScreen.storyboard */,
			);
			path = "Supporting Files";
			sourceTree = "<group>";
		};
/* End PBXGroup section */

/* Begin PBXNativeTarget section */
		D8EC81A023A7E1FF004D6A20 /* Concentration */ = {
			isa = PBXNativeTarget;
			buildConfigurationList = D8EC81B323A7E206004D6A20 /* Build configuration list for PBXNativeTarget "Concentration" */;
			buildPhases = (
				D8EC819D23A7E1FF004D6A20 /* Sources */,
				D8EC819E23A7E1FF004D6A20 /* Frameworks */,
				D8EC819F23A7E1FF004D6A20 /* Resources */,
			);
			buildRules = (
			);
			dependencies = (
			);
			name = Concentration;
			productName = Concentration;
			productReference = D8EC81A123A7E1FF004D6A20 /* Concentration.app */;
			productType = "com.apple.product-type.application";
		};
/* End PBXNativeTarget section */

/* Begin PBXProject section */
		D8EC819923A7E1FF004D6A20 /* Project object */ = {
			isa = PBXProject;
			attributes = {
				LastSwiftUpdateCheck = 1020;
				LastUpgradeCheck = 1020;
				ORGANIZATIONNAME = CS193P;
				TargetAttributes = {
					D8EC81A023A7E1FF004D6A20 = {
						CreatedOnToolsVersion = 10.2.1;
					};
				};
			};
			buildConfigurationList = D8EC819C23A7E1FF004D6A20 /* Build configuration list for PBXProject "Concentration" */;
			compatibilityVersion = "Xcode 9.3";
			developmentRegion = en;
			hasScannedForEncodings = 0;
			knownRegions = (
				en,
				Base,
			);
			mainGroup = D8EC819823A7E1FF004D6A20;
			productRefGroup = D8EC81A223A7E1FF004D6A20 /* Products */;
			projectDirPath = "";
			projectRoot = "";
			targets = (
				D8EC81A023A7E1FF004D6A20 /* Concentration */,
			);
		};
/* End PBXProject section */

/* Begin PBXResourcesBuildPhase section */
		D8EC819F23A7E1FF004D6A20 /* Resources */ = {
			isa = PBXResourcesBuildPhase;
			buildActionMask = 2147483647;
			files = (
				D8EC81AF23A7E206004D6A20 /* LaunchScreen.storyboard in Resources */,
				D8EC81AC23A7E206004D6A20 /* Assets.xcassets in Resources */,
				D8EC81AA23A7E1FF004D6A20 /* Main.storyboard in Resources */,
			);
			runOnlyForDeploymentPostprocessing = 0;
		};
/* End PBXResourcesBuildPhase section */

/* Begin PBXSourcesBuildPhase section */
		D8EC819D23A7E1FF004D6A20 /* Sources */ = {
			isa = PBXSourcesBuildPhase;
			buildActionMask = 2147483647;
			files = (
				D8EC81A723A7E1FF004D6A20 /* ViewController.swift in Sources */,
				D8EC81A523A7E1FF004D6A20 /* AppDelegate.swift in Sources */,
				D8EC81BC23A872A4004D6A20 /* Theme.swift in Sources */,
				D8EC81B823A81B26004D6A20 /* Concentration.swift in Sources */,
				D8EC81BA23A81BA2004D6A20 /* Card.swift in Sources */,
			);
			runOnlyForDeploymentPostprocessing = 0;
		};
/* End PBXSourcesBuildPhase section */

/* Begin PBXVariantGroup section */
		D8EC81A823A7E1FF004D6A20 /* Main.storyboard */ = {
			isa = PBXVariantGroup;
			children = (
				D8EC81A923A7E1FF004D6A20 /* Base */,
			);
			name = Main.storyboard;
			sourceTree = "<group>";
		};
		D8EC81AD23A7E206004D6A20 /* LaunchScreen.storyboard */ = {
			isa = PBXVariantGroup;
			children = (
				D8EC81AE23A7E206004D6A20 /* Base */,
			);
			name = LaunchScreen.storyboard;
			sourceTree = "<group>";
		};
/* End PBXVariantGroup section */

/* Begin XCBuildConfiguration section */
		D8EC81B123A7E206004D6A20 /* Debug */ = {
			isa = XCBuildConfiguration;
			buildSettings = {
				ALWAYS_SEARCH_USER_PATHS = NO;
				CLANG_ANALYZER_NONNULL = YES;
				CLANG_ANALYZER_NUMBER_OBJECT_CONVERSION = YES_AGGRESSIVE;
				CLANG_CXX_LANGUAGE_STANDARD = "gnu++14";
				CLANG_CXX_LIBRARY = "libc++";
				CLANG_ENABLE_MODULES = YES;
				CLANG_ENABLE_OBJC_ARC = YES;
				CLANG_ENABLE_OBJC_WEAK = YES;
				CLANG_WARN_BLOCK_CAPTURE_AUTORELEASING = YES;
				CLANG_WARN_BOOL_CONVERSION = YES;
				CLANG_WARN_COMMA = YES;
				CLANG_WARN_CONSTANT_CONVERSION = YES;
				CLANG_WARN_DEPRECATED_OBJC_IMPLEMENTATIONS = YES;
				CLANG_WARN_DIRECT_OBJC_ISA_USAGE = YES_ERROR;
				CLANG_WARN_DOCUMENTATION_COMMENTS = YES;
				CLANG_WARN_EMPTY_BODY = YES;
				CLANG_WARN_ENUM_CONVERSION = YES;
				CLANG_WARN_INFINITE_RECURSION = YES;
				CLANG_WARN_INT_CONVERSION = YES;
				CLANG_WARN_NON_LITERAL_NULL_CONVERSION = YES;
				CLANG_WARN_OBJC_IMPLICIT_RETAIN_SELF = YES;
				CLANG_WARN_OBJC_LITERAL_CONVERSION = YES;
				CLANG_WARN_OBJC_ROOT_CLASS = YES_ERROR;
				CLANG_WARN_RANGE_LOOP_ANALYSIS = YES;
				CLANG_WARN_STRICT_PROTOTYPES = YES;
				CLANG_WARN_SUSPICIOUS_MOVE = YES;
				CLANG_WARN_UNGUARDED_AVAILABILITY = YES_AGGRESSIVE;
				CLANG_WARN_UNREACHABLE_CODE = YES;
				CLANG_WARN__DUPLICATE_METHOD_MATCH = YES;
				CODE_SIGN_IDENTITY = "iPhone Developer";
				COPY_PHASE_STRIP = NO;
				DEBUG_INFORMATION_FORMAT = dwarf;
				ENABLE_STRICT_OBJC_MSGSEND = YES;
				ENABLE_TESTABILITY = YES;
				GCC_C_LANGUAGE_STANDARD = gnu11;
				GCC_DYNAMIC_NO_PIC = NO;
				GCC_NO_COMMON_BLOCKS = YES;
				GCC_OPTIMIZATION_LEVEL = 0;
				GCC_PREPROCESSOR_DEFINITIONS = (
					"DEBUG=1",
					"$(inherited)",
				);
				GCC_WARN_64_TO_32_BIT_CONVERSION = YES;
				GCC_WARN_ABOUT_RETURN_TYPE = YES_ERROR;
				GCC_WARN_UNDECLARED_SELECTOR = YES;
				GCC_WARN_UNINITIALIZED_AUTOS = YES_AGGRESSIVE;
				GCC_WARN_UNUSED_FUNCTION = YES;
				GCC_WARN_UNUSED_VARIABLE = YES;
				IPHONEOS_DEPLOYMENT_TARGET = 12.2;
				MTL_ENABLE_DEBUG_INFO = INCLUDE_SOURCE;
				MTL_FAST_MATH = YES;
				ONLY_ACTIVE_ARCH = YES;
				SDKROOT = iphoneos;
				SWIFT_ACTIVE_COMPILATION_CONDITIONS = DEBUG;
				SWIFT_OPTIMIZATION_LEVEL = "-Onone";
			};
			name = Debug;
		};
		D8EC81B223A7E206004D6A20 /* Release */ = {
			isa = XCBuildConfiguration;
			buildSettings = {
				ALWAYS_SEARCH_USER_PATHS = NO;
				CLANG_ANALYZER_NONNULL = YES;
				CLANG_ANALYZER_NUMBER_OBJECT_CONVERSION = YES_AGGRESSIVE;
				CLANG_CXX_LANGUAGE_STANDARD = "gnu++14";
				CLANG_CXX_LIBRARY = "libc++";
				CLANG_ENABLE_MODULES = YES;
				CLANG_ENABLE_OBJC_ARC = YES;
				CLANG_ENABLE_OBJC_WEAK = YES;
				CLANG_WARN_BLOCK_CAPTURE_AUTORELEASING = YES;
				CLANG_WARN_BOOL_CONVERSION = YES;
				CLANG_WARN_COMMA = YES;
				CLANG_WARN_CONSTANT_CONVERSION = YES;
				CLANG_WARN_DEPRECATED_OBJC_IMPLEMENTATIONS = YES;
				CLANG_WARN_DIRECT_OBJC_ISA_USAGE = YES_ERROR;
				CLANG_WARN_DOCUMENTATION_COMMENTS = YES;
				CLANG_WARN_EMPTY_BODY = YES;
				CLANG_WARN_ENUM_CONVERSION = YES;
				CLANG_WARN_INFINITE_RECURSION = YES;
				CLANG_WARN_INT_CONVERSION = YES;
				CLANG_WARN_NON_LITERAL_NULL_CONVERSION = YES;
				CLANG_WARN_OBJC_IMPLICIT_RETAIN_SELF = YES;
				CLANG_WARN_OBJC_LITERAL_CONVERSION = YES;
				CLANG_WARN_OBJC_ROOT_CLASS = YES_ERROR;
				CLANG_WARN_RANGE_LOOP_ANALYSIS = YES;
				CLANG_WARN_STRICT_PROTOTYPES = YES;
				CLANG_WARN_SUSPICIOUS_MOVE = YES;
				CLANG_WARN_UNGUARDED_AVAILABILITY = YES_AGGRESSIVE;
				CLANG_WARN_UNREACHABLE_CODE = YES;
				CLANG_WARN__DUPLICATE_METHOD_MATCH = YES;
				CODE_SIGN_IDENTITY = "iPhone Developer";
				COPY_PHASE_STRIP = NO;
				DEBUG_INFORMATION_FORMAT = "dwarf-with-dsym";
				ENABLE_NS_ASSERTIONS = NO;
				ENABLE_STRICT_OBJC_MSGSEND = YES;
				GCC_C_LANGUAGE_STANDARD = gnu11;
				GCC_NO_COMMON_BLOCKS = YES;
				GCC_WARN_64_TO_32_BIT_CONVERSION = YES;
				GCC_WARN_ABOUT_RETURN_TYPE = YES_ERROR;
				GCC_WARN_UNDECLARED_SELECTOR = YES;
				GCC_WARN_UNINITIALIZED_AUTOS = YES_AGGRESSIVE;
				GCC_WARN_UNUSED_FUNCTION = YES;
				GCC_WARN_UNUSED_VARIABLE = YES;
				IPHONEOS_DEPLOYMENT_TARGET = 12.2;
				MTL_ENABLE_DEBUG_INFO = NO;
				MTL_FAST_MATH = YES;
				SDKROOT = iphoneos;
				SWIFT_COMPILATION_MODE = wholemodule;
				SWIFT_OPTIMIZATION_LEVEL = "-O";
				VALIDATE_PRODUCT = YES;
			};
			name = Release;
		};
		D8EC81B423A7E206004D6A20 /* Debug */ = {
			isa = XCBuildConfiguration;
			buildSettings = {
				ASSETCATALOG_COMPILER_APPICON_NAME = AppIcon;
				CODE_SIGN_IDENTITY = "iPhone Developer";
				CODE_SIGN_STYLE = Automatic;
				DEVELOPMENT_TEAM = 6S225F6BZ3;
				INFOPLIST_FILE = Concentration/Info.plist;
				LD_RUNPATH_SEARCH_PATHS = (
					"$(inherited)",
					"@executable_path/Frameworks",
				);
				PRODUCT_BUNDLE_IDENTIFIER = edu.stanford.cs193p.farhanali.Concentration;
				PRODUCT_NAME = "$(TARGET_NAME)";
				PROVISIONING_PROFILE_SPECIFIER = "";
				SWIFT_VERSION = 5.0;
				TARGETED_DEVICE_FAMILY = 1;
			};
			name = Debug;
		};
		D8EC81B523A7E206004D6A20 /* Release */ = {
			isa = XCBuildConfiguration;
			buildSettings = {
				ASSETCATALOG_COMPILER_APPICON_NAME = AppIcon;
				CODE_SIGN_IDENTITY = "iPhone Developer";
				CODE_SIGN_STYLE = Automatic;
				DEVELOPMENT_TEAM = 6S225F6BZ3;
				INFOPLIST_FILE = Concentration/Info.plist;
				LD_RUNPATH_SEARCH_PATHS = (
					"$(inherited)",
					"@executable_path/Frameworks",
				);
				PRODUCT_BUNDLE_IDENTIFIER = edu.stanford.cs193p.farhanali.Concentration;
				PRODUCT_NAME = "$(TARGET_NAME)";
				PROVISIONING_PROFILE_SPECIFIER = "";
				SWIFT_VERSION = 5.0;
				TARGETED_DEVICE_FAMILY = 1;
			};
			name = Release;
		};
/* End XCBuildConfiguration section */

/* Begin XCConfigurationList section */
		D8EC819C23A7E1FF004D6A20 /* Build configuration list for PBXProject "Concentration" */ = {
			isa = XCConfigurationList;
			buildConfigurations = (
				D8EC81B123A7E206004D6A20 /* Debug */,
				D8EC81B223A7E206004D6A20 /* Release */,
			);
			defaultConfigurationIsVisible = 0;
			defaultConfigurationName = Release;
		};
		D8EC81B323A7E206004D6A20 /* Build configuration list for PBXNativeTarget "Concentration" */ = {
			isa = XCConfigurationList;
			buildConfigurations = (
				D8EC81B423A7E206004D6A20 /* Debug */,
				D8EC81B523A7E206004D6A20 /* Release */,
			);
			defaultConfigurationIsVisible = 0;
			defaultConfigurationName = Release;
		};
/* End XCConfigurationList section */
	};
	rootObject = D8EC819923A7E1FF004D6A20 /* Project object */;
}
